
Microsoft Visual Studio Solution File, Format Version 12.00
# Visual Studio Version 17
VisualStudioVersion = 17.0.32014.148
MinimumVisualStudioVersion = 10.0.40219.1
Project("{FAE04EC0-301F-11D3-BF4B-00C04F79EFBC}") = "BestBuy", "BestBuy\BestBuy.csproj", "{AE0E478D-A3B4-4F46-8A01-78B36D4897A6}"
EndProject
Project("{FAE04EC0-301F-11D3-BF4B-00C04F79EFBC}") = "BbDatabase", "BbDatabase\BbDatabase.csproj", "{24AB7BA0-1CDC-4CA9-AD4E-AA767212248C}"
EndProject
Global
	GlobalSection(SolutionConfigurationPlatforms) = preSolution
		Debug|Any CPU = Debug|Any CPU
		Release|Any CPU = Release|Any CPU
	EndGlobalSection
	GlobalSection(ProjectConfigurationPlatforms) = postSolution
		{AE0E478D-A3B4-4F46-8A01-78B36D4897A6}.Debug|Any CPU.ActiveCfg = Debug|Any CPU
		{AE0E478D-A3B4-4F46-8A01-78B36D4897A6}.Debug|Any CPU.Build.0 = Debug|Any CPU
		{AE0E478D-A3B4-4F46-8A01-78B36D4897A6}.Release|Any CPU.ActiveCfg = Release|Any CPU
		{AE0E478D-A3B4-4F46-8A01-78B36D4897A6}.Release|Any CPU.Build.0 = Release|Any CPU
		{24AB7BA0-1CDC-4CA9-AD4E-AA767212248C}.Debug|Any CPU.ActiveCfg = Debug|Any CPU
		{24AB7BA0-1CDC-4CA9-AD4E-AA767212248C}.Debug|Any CPU.Build.0 = Debug|Any CPU
		{24AB7BA0-1CDC-4CA9-AD4E-AA767212248C}.Release|Any CPU.ActiveCfg = Release|Any CPU
		{24AB7BA0-1CDC-4CA9-AD4E-AA767212248C}.Release|Any CPU.Build.0 = Release|Any CPU
	EndGlobalSection
	GlobalSection(SolutionProperties) = preSolution
		HideSolutionNode = FALSE
	EndGlobalSection
	GlobalSection(ExtensibilityGlobals) = postSolution
		SolutionGuid = {F99A8A49-AEA5-4E99-8994-9AFFF5ED4699}
	EndGlobalSection
EndGlobal
